{
  "name": "movie-deck-js-project---ajax-intro-js-project-building-session-js-project-buil---xxtxt53lt80n",
  "version": "1.0.0",
  "lockfileVersion": 3,
  "requires": true,
  "packages": {
    "": {
      "name": "movie-deck-js-project---ajax-intro-js-project-building-session-js-project-buil---xxtxt53lt80n",
      "version": "1.0.0",
      "license": "ISC"
    }
  }
}
